<?xml version="1.0" encoding="utf-8"?>
<Project ToolsVersion="4.0" xmlns="http://schemas.microsoft.com/developer/msbuild/2003">
  <ItemGroup>
    <Filter Include="Util">
      <UniqueIdentifier>{3daa6985-fde0-4f01-9fca-a9443e6f8eae}</UniqueIdentifier>
    </Filter>
    <Filter Include="Object">
      <UniqueIdentifier>{af90b299-8c58-4093-8a7d-bba585e536db}</UniqueIdentifier>
    </Filter>
    <Filter Include="ObjectAccessor">
      <UniqueIdentifier>{d40f34e7-25d7-4699-9d60-e76f0951787e}</UniqueIdentifier>
    </Filter>
    <Filter Include="Camera">
      <UniqueIdentifier>{9a577cbb-7fb5-4243-af6b-c1cd9f087839}</UniqueIdentifier>
    </Filter>
    <Filter Include="Shader">
      <UniqueIdentifier>{1f26e08c-6cdb-4d10-a5a5-037b343fb966}</UniqueIdentifier>
    </Filter>
    <Filter Include="Texture">
      <UniqueIdentifier>{32498d5f-c15e-4bc2-832f-a7e9e781c54f}</UniqueIdentifier>
    </Filter>
    <Filter Include="Animation">
      <UniqueIdentifier>{04b98405-56a9-4498-a7ec-f2f08ad371f6}</UniqueIdentifier>
    </Filter>
    <Filter Include="Physics System">
      <UniqueIdentifier>{d0eb488d-624f-4e35-8296-2c1487352d41}</UniqueIdentifier>
    </Filter>
  </ItemGroup>
  <ItemGroup>
    <ClCompile Include="Other.c">
      <Filter>Object</Filter>
    </ClCompile>
    <ClCompile Include="Shader.c">
      <Filter>Shader</Filter>
    </ClCompile>
    <ClCompile Include="BMPloader.c">
      <Filter>Texture</Filter>
    </ClCompile>
    <ClCompile Include="PNGloader.c">
      <Filter>Texture</Filter>
    </ClCompile>
    <ClCompile Include="3DSLoader.c">
      <Filter>Object</Filter>
    </ClCompile>
    <ClCompile Include="Camera\Camera.cpp">
      <Filter>Camera</Filter>
    </ClCompile>
    <ClCompile Include="Camera\Vector.cpp">
      <Filter>Util</Filter>
    </ClCompile>
    <ClCompile Include="Matrix.cpp">
      <Filter>Util</Filter>
    </ClCompile>
    <ClCompile Include="MathPlus.cpp">
      <Filter>Util</Filter>
    </ClCompile>
    <ClCompile Include="Object.cpp">
      <Filter>Object</Filter>
    </ClCompile>
    <ClCompile Include="main.cpp" />
    <ClCompile Include="Scene.cpp">
      <Filter>Object</Filter>
    </ClCompile>
    <ClCompile Include="ObjectAccessor\ObjectAccessor.cpp">
      <Filter>ObjectAccessor</Filter>
    </ClCompile>
    <ClCompile Include="Particle.cpp">
      <Filter>Object</Filter>
    </ClCompile>
    <ClCompile Include="Robot.cpp">
      <Filter>Object</Filter>
    </ClCompile>
    <ClCompile Include="Animation.cpp">
      <Filter>Animation</Filter>
    </ClCompile>
    <ClCompile Include="Physics.cpp">
      <Filter>Physics System</Filter>
    </ClCompile>
    <ClCompile Include="Texture.cpp">
      <Filter>Texture</Filter>
    </ClCompile>
  </ItemGroup>
  <ItemGroup>
    <ClInclude Include="Util\util.h">
      <Filter>Util</Filter>
    </ClInclude>
    <ClInclude Include="Object.h">
      <Filter>Object</Filter>
    </ClInclude>
    <ClInclude Include="ObjectAccessor\ObjectAccessor.h">
      <Filter>ObjectAccessor</Filter>
    </ClInclude>
    <ClInclude Include="Camera\Camera.h">
      <Filter>Camera</Filter>
    </ClInclude>
    <ClInclude Include="Other.h">
      <Filter>Object</Filter>
    </ClInclude>
    <ClInclude Include="Shader.h">
      <Filter>Shader</Filter>
    </ClInclude>
    <ClInclude Include="PNGloader.h">
      <Filter>Texture</Filter>
    </ClInclude>
    <ClInclude Include="BMPloader.h">
      <Filter>Texture</Filter>
    </ClInclude>
    <ClInclude Include="Texture.h">
      <Filter>Texture</Filter>
    </ClInclude>
    <ClInclude Include="Scene.h">
      <Filter>Object</Filter>
    </ClInclude>
    <ClInclude Include="3DSLoader.h">
      <Filter>Object</Filter>
    </ClInclude>
    <ClInclude Include="Animation.h">
      <Filter>Animation</Filter>
    </ClInclude>
    <ClInclude Include="MathPlus.h">
      <Filter>Util</Filter>
    </ClInclude>
    <ClInclude Include="Camera\Vector.h">
      <Filter>Util</Filter>
    </ClInclude>
    <ClInclude Include="Particle.h">
      <Filter>Object</Filter>
    </ClInclude>
    <ClInclude Include="Matrix.h">
      <Filter>Util</Filter>
    </ClInclude>
    <ClInclude Include="Robot.h">
      <Filter>Object</Filter>
    </ClInclude>
    <ClInclude Include="Physics.h">
      <Filter>Physics System</Filter>
    </ClInclude>
  </ItemGroup>
</Project>