
Microsoft Visual Studio Solution File, Format Version 11.00
# Visual Studio 2010
Project("{8BC9CEB8-8B4A-11D0-8D11-00A0C91BC942}") = "3D_Engine", "..\src\glut_3d.vcxproj", "{9552F917-97E5-400A-AD0D-456246269915}"
EndProject
Project("{8BC9CEB8-8B4A-11D0-8D11-00A0C91BC942}") = "glut", "..\src\glut\glut.vcxproj", "{42015B81-DE9D-4E07-91B8-774DA53F9CAD}"
	ProjectSection(ProjectDependencies) = postProject
		{9552F917-97E5-400A-AD0D-456246269915} = {9552F917-97E5-400A-AD0D-456246269915}
	EndProjectSection
EndProject
Project("{8BC9CEB8-8B4A-11D0-8D11-00A0C91BC942}") = "Gui", "..\src\Gui\Gui.vcxproj", "{7A0A1FCE-55AD-363F-B4D7-42897DA6A3CE}"
	ProjectSection(ProjectDependencies) = postProject
		{9552F917-97E5-400A-AD0D-456246269915} = {9552F917-97E5-400A-AD0D-456246269915}
	EndProjectSection
EndProject
Global
	GlobalSection(SolutionConfigurationPlatforms) = preSolution
		Debug_libOnly|Win32 = Debug_libOnly|Win32
		Debug_withGUI|Win32 = Debug_withGUI|Win32
		Debug|Win32 = Debug|Win32
		Release|Win32 = Release|Win32
	EndGlobalSection
	GlobalSection(ProjectConfigurationPlatforms) = postSolution
		{9552F917-97E5-400A-AD0D-456246269915}.Debug_libOnly|Win32.ActiveCfg = Debug_libOnly|Win32
		{9552F917-97E5-400A-AD0D-456246269915}.Debug_libOnly|Win32.Build.0 = Debug_libOnly|Win32
		{9552F917-97E5-400A-AD0D-456246269915}.Debug_withGUI|Win32.ActiveCfg = Debug_withGUI|Win32
		{9552F917-97E5-400A-AD0D-456246269915}.Debug_withGUI|Win32.Build.0 = Debug_withGUI|Win32
		{9552F917-97E5-400A-AD0D-456246269915}.Debug|Win32.ActiveCfg = Debug|Win32
		{9552F917-97E5-400A-AD0D-456246269915}.Debug|Win32.Build.0 = Debug|Win32
		{9552F917-97E5-400A-AD0D-456246269915}.Release|Win32.ActiveCfg = Release|Win32
		{9552F917-97E5-400A-AD0D-456246269915}.Release|Win32.Build.0 = Release|Win32
		{42015B81-DE9D-4E07-91B8-774DA53F9CAD}.Debug_libOnly|Win32.ActiveCfg = Debug|Win32
		{42015B81-DE9D-4E07-91B8-774DA53F9CAD}.Debug_withGUI|Win32.ActiveCfg = Debug_withGUI|Win32
		{42015B81-DE9D-4E07-91B8-774DA53F9CAD}.Debug|Win32.ActiveCfg = Debug|Win32
		{42015B81-DE9D-4E07-91B8-774DA53F9CAD}.Debug|Win32.Build.0 = Debug|Win32
		{42015B81-DE9D-4E07-91B8-774DA53F9CAD}.Release|Win32.ActiveCfg = Release|Win32
		{42015B81-DE9D-4E07-91B8-774DA53F9CAD}.Release|Win32.Build.0 = Release|Win32
		{7A0A1FCE-55AD-363F-B4D7-42897DA6A3CE}.Debug_libOnly|Win32.ActiveCfg = Debug|Win32
		{7A0A1FCE-55AD-363F-B4D7-42897DA6A3CE}.Debug_withGUI|Win32.ActiveCfg = Debug_withGUI|Win32
		{7A0A1FCE-55AD-363F-B4D7-42897DA6A3CE}.Debug_withGUI|Win32.Build.0 = Debug_withGUI|Win32
		{7A0A1FCE-55AD-363F-B4D7-42897DA6A3CE}.Debug|Win32.ActiveCfg = Debug|Win32
		{7A0A1FCE-55AD-363F-B4D7-42897DA6A3CE}.Release|Win32.ActiveCfg = Release|Win32
		{7A0A1FCE-55AD-363F-B4D7-42897DA6A3CE}.Release|Win32.Build.0 = Release|Win32
	EndGlobalSection
	GlobalSection(SolutionProperties) = preSolution
		HideSolutionNode = FALSE
	EndGlobalSection
EndGlobal
